
Microsoft Visual Studio Solution File, Format Version 12.00
# Visual Studio Version 17
VisualStudioVersion = 17.0.31919.166
MinimumVisualStudioVersion = 10.0.40219.1
Project("{FAE04EC0-301F-11D3-BF4B-00C04F79EFBC}") = "User_WpfApp", "User_WpfApp\User_WpfApp.csproj", "{BF854BFF-8AEF-4708-8073-ABF10865D7BD}"
EndProject
Global
	GlobalSection(SolutionConfigurationPlatforms) = preSolution
		Debug|Any CPU = Debug|Any CPU
		Release|Any CPU = Release|Any CPU
	EndGlobalSection
	GlobalSection(ProjectConfigurationPlatforms) = postSolution
		{BF854BFF-8AEF-4708-8073-ABF10865D7BD}.Debug|Any CPU.ActiveCfg = Debug|Any CPU
		{BF854BFF-8AEF-4708-8073-ABF10865D7BD}.Debug|Any CPU.Build.0 = Debug|Any CPU
		{BF854BFF-8AEF-4708-8073-ABF10865D7BD}.Release|Any CPU.ActiveCfg = Release|Any CPU
		{BF854BFF-8AEF-4708-8073-ABF10865D7BD}.Release|Any CPU.Build.0 = Release|Any CPU
	EndGlobalSection
	GlobalSection(SolutionProperties) = preSolution
		HideSolutionNode = FALSE
	EndGlobalSection
	GlobalSection(ExtensibilityGlobals) = postSolution
		SolutionGuid = {141AF081-E871-4760-A5B8-D6D8C9EA283F}
	EndGlobalSection
EndGlobal
